
Microsoft Visual Studio Solution File, Format Version 12.00
# Visual Studio Version 16
VisualStudioVersion = 16.0.32002.261
MinimumVisualStudioVersion = 10.0.40219.1
Project("{FAE04EC0-301F-11D3-BF4B-00C04F79EFBC}") = "MvcHomeKitchen", "MvcHomeKitchen\MvcHomeKitchen.csproj", "{B57D1C1C-1029-45FE-9CC4-F79F69945845}"
EndProject
Global
	GlobalSection(SolutionConfigurationPlatforms) = preSolution
		Debug|Any CPU = Debug|Any CPU
		Release|Any CPU = Release|Any CPU
	EndGlobalSection
	GlobalSection(ProjectConfigurationPlatforms) = postSolution
		{B57D1C1C-1029-45FE-9CC4-F79F69945845}.Debug|Any CPU.ActiveCfg = Debug|Any CPU
		{B57D1C1C-1029-45FE-9CC4-F79F69945845}.Debug|Any CPU.Build.0 = Debug|Any CPU
		{B57D1C1C-1029-45FE-9CC4-F79F69945845}.Release|Any CPU.ActiveCfg = Release|Any CPU
		{B57D1C1C-1029-45FE-9CC4-F79F69945845}.Release|Any CPU.Build.0 = Release|Any CPU
	EndGlobalSection
	GlobalSection(SolutionProperties) = preSolution
		HideSolutionNode = FALSE
	EndGlobalSection
	GlobalSection(ExtensibilityGlobals) = postSolution
		SolutionGuid = {02AE0B9F-A7F6-46F0-9FE6-F9E0A9AA37DE}
	EndGlobalSection
EndGlobal
